{
  "name": "robins-tsconfig",
  "version": "3.0.0",
  "lockfileVersion": 3,
  "requires": true,
  "packages": {
    "": {
      "name": "robins-tsconfig",
      "version": "3.0.0",
      "license": "MIT",
      "dependencies": {
        "@tsconfig/strictest": "^2.0.8"
      },
      "devDependencies": {
        "typescript": "^5.9.3"
      },
      "peerDependencies": {
        "typescript": ">=5.8"
      }
    },
    "node_modules/@tsconfig/strictest": {
      "version": "2.0.8",
      "resolved": "https://registry.npmjs.org/@tsconfig/strictest/-/strictest-2.0.8.tgz",
      "integrity": "sha512-XnQ7vNz5HRN0r88GYf1J9JJjqtZPiHt2woGJOo2dYqyHGGcd6OLGqSlBB6p1j9mpzja6Oe5BoPqWmeDx6X9rLw==",
      "license": "MIT"
    },
    "node_modules/typescript": {
      "version": "5.9.3",
      "resolved": "https://registry.npmjs.org/typescript/-/typescript-5.9.3.tgz",
      "integrity": "sha512-jl1vZzPDinLr9eUt3J/t7V6FgNEw9QjvBPdysz9KfQDD41fQrC2Y4vKQdiaUpFT4bXlb1RHhLpp8wtm6M5TgSw==",
      "dev": true,
      "license": "Apache-2.0",
      "peer": true,
      "bin": {
        "tsc": "bin/tsc",
        "tsserver": "bin/tsserver"
      },
      "engines": {
        "node": ">=14.17"
      }
    }
  }
}
